
Microsoft Visual Studio Solution File, Format Version 12.00
# Visual Studio Version 17
VisualStudioVersion = 17.0.32014.148
MinimumVisualStudioVersion = 10.0.40219.1
Project("{FAE04EC0-301F-11D3-BF4B-00C04F79EFBC}") = "ECommerce", "ECommerce\ECommerce.csproj", "{8FA84268-E789-4A2A-B147-F161B435C9C9}"
EndProject
Global
	GlobalSection(SolutionConfigurationPlatforms) = preSolution
		Debug|Any CPU = Debug|Any CPU
		Release|Any CPU = Release|Any CPU
	EndGlobalSection
	GlobalSection(ProjectConfigurationPlatforms) = postSolution
		{8FA84268-E789-4A2A-B147-F161B435C9C9}.Debug|Any CPU.ActiveCfg = Debug|Any CPU
		{8FA84268-E789-4A2A-B147-F161B435C9C9}.Debug|Any CPU.Build.0 = Debug|Any CPU
		{8FA84268-E789-4A2A-B147-F161B435C9C9}.Release|Any CPU.ActiveCfg = Release|Any CPU
		{8FA84268-E789-4A2A-B147-F161B435C9C9}.Release|Any CPU.Build.0 = Release|Any CPU
	EndGlobalSection
	GlobalSection(SolutionProperties) = preSolution
		HideSolutionNode = FALSE
	EndGlobalSection
	GlobalSection(ExtensibilityGlobals) = postSolution
		SolutionGuid = {97CB65F5-DC0A-43DE-8E1D-A96EF913DE72}
	EndGlobalSection
EndGlobal
